
Microsoft Visual Studio Solution File, Format Version 12.00
# Visual Studio Version 17
VisualStudioVersion = 17.11.35327.3
MinimumVisualStudioVersion = 10.0.40219.1
Project("{9A19103F-16F7-4668-BE54-9A1E7A4F7556}") = "Classes", "Classes\Classes.csproj", "{29A403DA-85CB-42C8-884B-5DEBBBE7F27B}"
EndProject
Project("{9A19103F-16F7-4668-BE54-9A1E7A4F7556}") = "Utils", "ActionsTest\Utils.csproj", "{BE7BAAA0-B304-4149-B1C3-901CBADCFBF9}"
EndProject
Project("{9A19103F-16F7-4668-BE54-9A1E7A4F7556}") = "RPGUI", "RPGUI\RPGUI.csproj", "{04897DDF-D4C2-435D-B3DE-28CCBAB5558C}"
EndProject
Project("{FAE04EC0-301F-11D3-BF4B-00C04F79EFBC}") = "User", "User\User.csproj", "{2C7DDAB8-BD6C-49EB-B426-2A0EC2AE9A57}"
EndProject
Global
	GlobalSection(SolutionConfigurationPlatforms) = preSolution
		Debug|Any CPU = Debug|Any CPU
		Release|Any CPU = Release|Any CPU
	EndGlobalSection
	GlobalSection(ProjectConfigurationPlatforms) = postSolution
		{29A403DA-85CB-42C8-884B-5DEBBBE7F27B}.Debug|Any CPU.ActiveCfg = Debug|Any CPU
		{29A403DA-85CB-42C8-884B-5DEBBBE7F27B}.Debug|Any CPU.Build.0 = Debug|Any CPU
		{29A403DA-85CB-42C8-884B-5DEBBBE7F27B}.Release|Any CPU.ActiveCfg = Release|Any CPU
		{29A403DA-85CB-42C8-884B-5DEBBBE7F27B}.Release|Any CPU.Build.0 = Release|Any CPU
		{BE7BAAA0-B304-4149-B1C3-901CBADCFBF9}.Debug|Any CPU.ActiveCfg = Debug|Any CPU
		{BE7BAAA0-B304-4149-B1C3-901CBADCFBF9}.Debug|Any CPU.Build.0 = Debug|Any CPU
		{BE7BAAA0-B304-4149-B1C3-901CBADCFBF9}.Release|Any CPU.ActiveCfg = Release|Any CPU
		{BE7BAAA0-B304-4149-B1C3-901CBADCFBF9}.Release|Any CPU.Build.0 = Release|Any CPU
		{04897DDF-D4C2-435D-B3DE-28CCBAB5558C}.Debug|Any CPU.ActiveCfg = Debug|Any CPU
		{04897DDF-D4C2-435D-B3DE-28CCBAB5558C}.Debug|Any CPU.Build.0 = Debug|Any CPU
		{04897DDF-D4C2-435D-B3DE-28CCBAB5558C}.Release|Any CPU.ActiveCfg = Release|Any CPU
		{04897DDF-D4C2-435D-B3DE-28CCBAB5558C}.Release|Any CPU.Build.0 = Release|Any CPU
		{2C7DDAB8-BD6C-49EB-B426-2A0EC2AE9A57}.Debug|Any CPU.ActiveCfg = Debug|Any CPU
		{2C7DDAB8-BD6C-49EB-B426-2A0EC2AE9A57}.Debug|Any CPU.Build.0 = Debug|Any CPU
		{2C7DDAB8-BD6C-49EB-B426-2A0EC2AE9A57}.Release|Any CPU.ActiveCfg = Release|Any CPU
		{2C7DDAB8-BD6C-49EB-B426-2A0EC2AE9A57}.Release|Any CPU.Build.0 = Release|Any CPU
	EndGlobalSection
	GlobalSection(SolutionProperties) = preSolution
		HideSolutionNode = FALSE
	EndGlobalSection
	GlobalSection(ExtensibilityGlobals) = postSolution
		SolutionGuid = {663D4703-7C07-4DFD-8201-662D1B984241}
	EndGlobalSection
EndGlobal
